{
    "name": "一键登录、微信登录、短信验证码登录、用户密码登录、邮箱登录、苹果登录、支付宝登录",
    "version": "1.0.1",
    "lockfileVersion": 3,
    "requires": true,
    "packages": {
        "": {
            "name": "一键登录、微信登录、短信验证码登录、用户密码登录、邮箱登录、苹果登录、支付宝登录",
            "version": "1.0.1",
            "license": "ISC",
            "dependencies": {
                "@cloudbase/wx-cloud-client-sdk": "^1.8.4",
                "threejs-miniprogram": "^0.0.8"
            },
            "engines": {
                "HBuilderX": "^3.8.5"
            }
        },
        "node_modules/@cloudbase/adapter-interface": {
            "version": "0.7.1",
            "resolved": "https://registry.npmmirror.com/@cloudbase/adapter-interface/-/adapter-interface-0.7.1.tgz",
            "integrity": "sha512-BjHTAvIMSLxbp26SeT6qLiSSBygz3kAVno/PMwwBwjgzVkVUvuZGVcvf1mhHxY/BjdRGLrd6X60OgvymV/aAUw=="
        },
        "node_modules/@cloudbase/adapter-wx_mp": {
            "version": "1.2.1",
            "resolved": "https://registry.npmmirror.com/@cloudbase/adapter-wx_mp/-/adapter-wx_mp-1.2.1.tgz",
            "integrity": "sha512-Ner/G4Dztw8xzVdPxWrK7+V2T3XeiPosBJPA/Ek/HNBGI3QvJ9guiWK0qT0d1Fyy8VphZMA0lRC+BJvVeBFAng==",
            "dependencies": {
                "@cloudbase/adapter-interface": "^0.7.1",
                "web-streams-polyfill": "^4.0.0"
            }
        },
        "node_modules/@cloudbase/auth": {
            "version": "2.25.3",
            "resolved": "https://registry.npmmirror.com/@cloudbase/auth/-/auth-2.25.3.tgz",
            "integrity": "sha512-zcyHktKYljAsBk7fxwtOoscsjFi0W4GjKHQbH7MLu8mAtL5JQStTfLytKP7EtdbGEimuQLSCfoqd/kv5wK27VA==",
            "dependencies": {
                "@cloudbase/adapter-wx_mp": "^1.2.1",
                "@cloudbase/oauth": "2.25.3",
                "@cloudbase/utilities": "2.25.3"
            }
        },
        "node_modules/@cloudbase/oauth": {
            "version": "2.25.3",
            "resolved": "https://registry.npmmirror.com/@cloudbase/oauth/-/oauth-2.25.3.tgz",
            "integrity": "sha512-2kNVI8KkAkWpGGc7oysOXlLUavhEAFZ2U7ucT/DjXS8vYRPw/AeGQuGjjWtSH3IItLGnv9bGjqFvrnQeQ5SxTg==",
            "dependencies": {
                "@cloudbase/utilities": "2.25.3"
            },
            "peerDependencies": {
                "@cloudbase/utilities": "2.25.0"
            }
        },
        "node_modules/@cloudbase/types": {
            "version": "2.25.3",
            "resolved": "https://registry.npmmirror.com/@cloudbase/types/-/types-2.25.3.tgz",
            "integrity": "sha512-NgZ+M6z2RsAdc3Iyj8n854+LR2957/zF1LTHqBr9fb+Vzd4gg7kQX9fbWcGbzH9hesdvl1PjMGULKGyoXnxBQg==",
            "dependencies": {
                "@cloudbase/adapter-interface": "^0.7.1"
            }
        },
        "node_modules/@cloudbase/utilities": {
            "version": "2.25.3",
            "resolved": "https://registry.npmmirror.com/@cloudbase/utilities/-/utilities-2.25.3.tgz",
            "integrity": "sha512-oek2M5B3XtWuCNuW/wLwK+E6N51jebWGwAd/BhasCMusoPoyGd2ZUAVunXvKDbFqkyroG/q1QBL3xNex4v4s5A==",
            "dependencies": {
                "@cloudbase/adapter-interface": "^0.7.1",
                "@cloudbase/types": "2.25.3",
                "jwt-decode": "^3.1.2"
            }
        },
        "node_modules/@cloudbase/wx-cloud-client-sdk": {
            "version": "1.8.4",
            "resolved": "https://registry.npmmirror.com/@cloudbase/wx-cloud-client-sdk/-/wx-cloud-client-sdk-1.8.4.tgz",
            "integrity": "sha512-NKjRyMEO5+3SLB5YHTcMQbXMr96cYV4Nj+JOaKurv83KysbYjlU+wVOdTqgXA5XDnHoakcl31c9cGrAMaMCNpg==",
            "dependencies": {
                "@cloudbase/adapter-wx_mp": "^1.2.1",
                "@cloudbase/auth": "2.25.3",
                "core-js-pure": "^3.45.0"
            }
        },
        "node_modules/core-js-pure": {
            "version": "3.48.0",
            "resolved": "https://registry.npmmirror.com/core-js-pure/-/core-js-pure-3.48.0.tgz",
            "integrity": "sha512-1slJgk89tWC51HQ1AEqG+s2VuwpTRr8ocu4n20QUcH1v9lAN0RXen0Q0AABa/DK1I7RrNWLucplOHMx8hfTGTw==",
            "hasInstallScript": true,
            "funding": {
                "type": "opencollective",
                "url": "https://opencollective.com/core-js"
            }
        },
        "node_modules/jwt-decode": {
            "version": "3.1.2",
            "resolved": "https://registry.npmmirror.com/jwt-decode/-/jwt-decode-3.1.2.tgz",
            "integrity": "sha512-UfpWE/VZn0iP50d8cz9NrZLM9lSWhcJ+0Gt/nm4by88UL+J1SiKN8/5dkjMmbEzwL2CAe+67GsegCbIKtbp75A=="
        },
        "node_modules/threejs-miniprogram": {
            "version": "0.0.8",
            "resolved": "https://registry.npmmirror.com/threejs-miniprogram/-/threejs-miniprogram-0.0.8.tgz",
            "integrity": "sha512-S5IgBMuX57kQsbeSv/5YDc87s+WKvPLYT+Go5FUbSdcjf6/Lq/LoY1uoVxfa00fjLHN+cMuumZ1Op/JmFKUmbw=="
        },
        "node_modules/web-streams-polyfill": {
            "version": "4.2.0",
            "resolved": "https://registry.npmmirror.com/web-streams-polyfill/-/web-streams-polyfill-4.2.0.tgz",
            "integrity": "sha512-0rYDzGOh9EZpig92umN5g5D/9A1Kff7k0/mzPSSCY8jEQeYkgRMoY7LhbXtUCWzLCMX0TUE9aoHkjFNB7D9pfA==",
            "workspaces": [
                "test/benchmark-test",
                "test/rollup-test",
                "test/webpack-test"
            ],
            "engines": {
                "node": ">= 8"
            }
        }
    }
}
